// !$*UTF8*$!
{
	archiveVersion = 1;
	classes = {
	};
	objectVersion = 46;
	objects = {

/* Begin PBXBuildFile section */
		3F393E191AC5708C00DC443F /* Sensor.cpp in Sources */ = {isa = PBXBuildFile; fileRef = 3F393E171AC5708C00DC443F /* Sensor.cpp */; };
		3F393E1A1AC5708C00DC443F /* Sensor.cpp in Sources */ = {isa = PBXBuildFile; fileRef = 3F393E171AC5708C00DC443F /* Sensor.cpp */; };
		3F393E1C1AC581E200DC443F /* testSensor.cpp in Sources */ = {isa = PBXBuildFile; fileRef = 3F393E1B1AC581E200DC443F /* testSensor.cpp */; };
		3F5856281AC2BBAD0075EF2B /* main.cpp in Sources */ = {isa = PBXBuildFile; fileRef = 3F5856271AC2BBAD0075EF2B /* main.cpp */; };
		3F5856361AC2BC9E0075EF2B /* main.cpp in Sources */ = {isa = PBXBuildFile; fileRef = 3F5856351AC2BC9E0075EF2B /* main.cpp */; };
		3F5856641AC304260075EF2B /* Animal.cpp in Sources */ = {isa = PBXBuildFile; fileRef = 3F5856621AC304260075EF2B /* Animal.cpp */; };
		3F5856651AC304260075EF2B /* Animal.cpp in Sources */ = {isa = PBXBuildFile; fileRef = 3F5856621AC304260075EF2B /* Animal.cpp */; };
		3F5856671AC3117E0075EF2B /* testAnimal.cpp in Sources */ = {isa = PBXBuildFile; fileRef = 3F5856661AC3117E0075EF2B /* testAnimal.cpp */; };
		3FE27DA71AD5453F00F61893 /* World.cpp in Sources */ = {isa = PBXBuildFile; fileRef = 3FE27DA51AD5453F00F61893 /* World.cpp */; };
		3FE27DA81AD5453F00F61893 /* World.cpp in Sources */ = {isa = PBXBuildFile; fileRef = 3FE27DA51AD5453F00F61893 /* World.cpp */; };
		3FE27DAA1AD5455200F61893 /* testWorld.cpp in Sources */ = {isa = PBXBuildFile; fileRef = 3FE27DA91AD5455200F61893 /* testWorld.cpp */; };
/* End PBXBuildFile section */

/* Begin PBXCopyFilesBuildPhase section */
		3F5856221AC2BBAC0075EF2B /* CopyFiles */ = {
			isa = PBXCopyFilesBuildPhase;
			buildActionMask = 2147483647;
			dstPath = /usr/share/man/man1/;
			dstSubfolderSpec = 0;
			files = (
			);
			runOnlyForDeploymentPostprocessing = 1;
		};
		3F5856311AC2BC9E0075EF2B /* CopyFiles */ = {
			isa = PBXCopyFilesBuildPhase;
			buildActionMask = 2147483647;
			dstPath = /usr/share/man/man1/;
			dstSubfolderSpec = 0;
			files = (
			);
			runOnlyForDeploymentPostprocessing = 1;
		};
/* End PBXCopyFilesBuildPhase section */

/* Begin PBXFileReference section */
		3F393E171AC5708C00DC443F /* Sensor.cpp */ = {isa = PBXFileReference; fileEncoding = 4; lastKnownFileType = sourcecode.cpp.cpp; path = Sensor.cpp; sourceTree = "<group>"; };
		3F393E181AC5708C00DC443F /* Sensor.h */ = {isa = PBXFileReference; fileEncoding = 4; lastKnownFileType = sourcecode.c.h; path = Sensor.h; sourceTree = "<group>"; };
		3F393E1B1AC581E200DC443F /* testSensor.cpp */ = {isa = PBXFileReference; fileEncoding = 4; lastKnownFileType = sourcecode.cpp.cpp; path = testSensor.cpp; sourceTree = "<group>"; };
		3F5856241AC2BBAC0075EF2B /* SnowLeopardsSimulation */ = {isa = PBXFileReference; explicitFileType = "compiled.mach-o.executable"; includeInIndex = 0; path = SnowLeopardsSimulation; sourceTree = BUILT_PRODUCTS_DIR; };
		3F5856271AC2BBAD0075EF2B /* main.cpp */ = {isa = PBXFileReference; lastKnownFileType = sourcecode.cpp.cpp; path = main.cpp; sourceTree = "<group>"; };
		3F5856331AC2BC9E0075EF2B /* TestSnowLeopardSimulation */ = {isa = PBXFileReference; explicitFileType = "compiled.mach-o.executable"; includeInIndex = 0; path = TestSnowLeopardSimulation; sourceTree = BUILT_PRODUCTS_DIR; };
		3F5856351AC2BC9E0075EF2B /* main.cpp */ = {isa = PBXFileReference; lastKnownFileType = sourcecode.cpp.cpp; path = main.cpp; sourceTree = "<group>"; };
		3F58563A1AC2BCD70075EF2B /* catch.hpp */ = {isa = PBXFileReference; fileEncoding = 4; lastKnownFileType = sourcecode.cpp.h; name = catch.hpp; path = "../../Bats/Test2/Test2 Tests2/catch.hpp"; sourceTree = "<group>"; };
		3F5856621AC304260075EF2B /* Animal.cpp */ = {isa = PBXFileReference; fileEncoding = 4; lastKnownFileType = sourcecode.cpp.cpp; path = Animal.cpp; sourceTree = "<group>"; };
		3F5856631AC304260075EF2B /* Animal.h */ = {isa = PBXFileReference; fileEncoding = 4; lastKnownFileType = sourcecode.c.h; path = Animal.h; sourceTree = "<group>"; };
		3F5856661AC3117E0075EF2B /* testAnimal.cpp */ = {isa = PBXFileReference; fileEncoding = 4; lastKnownFileType = sourcecode.cpp.cpp; path = testAnimal.cpp; sourceTree = "<group>"; };
		3FE27DA51AD5453F00F61893 /* World.cpp */ = {isa = PBXFileReference; fileEncoding = 4; lastKnownFileType = sourcecode.cpp.cpp; path = World.cpp; sourceTree = "<group>"; };
		3FE27DA61AD5453F00F61893 /* World.h */ = {isa = PBXFileReference; fileEncoding = 4; lastKnownFileType = sourcecode.c.h; path = World.h; sourceTree = "<group>"; };
		3FE27DA91AD5455200F61893 /* testWorld.cpp */ = {isa = PBXFileReference; fileEncoding = 4; lastKnownFileType = sourcecode.cpp.cpp; path = testWorld.cpp; sourceTree = "<group>"; };
/* End PBXFileReference section */

/* Begin PBXFrameworksBuildPhase section */
		3F5856211AC2BBAC0075EF2B /* Frameworks */ = {
			isa = PBXFrameworksBuildPhase;
			buildActionMask = 2147483647;
			files = (
			);
			runOnlyForDeploymentPostprocessing = 0;
		};
		3F5856301AC2BC9E0075EF2B /* Frameworks */ = {
			isa = PBXFrameworksBuildPhase;
			buildActionMask = 2147483647;
			files = (
			);
			runOnlyForDeploymentPostprocessing = 0;
		};
/* End PBXFrameworksBuildPhase section */

/* Begin PBXGroup section */
		3F58561B1AC2BBAC0075EF2B = {
			isa = PBXGroup;
			children = (
				3F5856261AC2BBAC0075EF2B /* SnowLeopardsSimulation */,
				3F5856341AC2BC9E0075EF2B /* TestSnowLeopardSimulation */,
				3F5856251AC2BBAC0075EF2B /* Products */,
			);
			sourceTree = "<group>";
		};
		3F5856251AC2BBAC0075EF2B /* Products */ = {
			isa = PBXGroup;
			children = (
				3F5856241AC2BBAC0075EF2B /* SnowLeopardsSimulation */,
				3F5856331AC2BC9E0075EF2B /* TestSnowLeopardSimulation */,
			);
			name = Products;
			sourceTree = "<group>";
		};
		3F5856261AC2BBAC0075EF2B /* SnowLeopardsSimulation */ = {
			isa = PBXGroup;
			children = (
				3F5856271AC2BBAD0075EF2B /* main.cpp */,
				3FE27DA51AD5453F00F61893 /* World.cpp */,
				3FE27DA61AD5453F00F61893 /* World.h */,
				3F5856621AC304260075EF2B /* Animal.cpp */,
				3F5856631AC304260075EF2B /* Animal.h */,
				3F393E171AC5708C00DC443F /* Sensor.cpp */,
				3F393E181AC5708C00DC443F /* Sensor.h */,
			);
			path = SnowLeopardsSimulation;
			sourceTree = "<group>";
		};
		3F5856341AC2BC9E0075EF2B /* TestSnowLeopardSimulation */ = {
			isa = PBXGroup;
			children = (
				3F58563A1AC2BCD70075EF2B /* catch.hpp */,
				3F5856351AC2BC9E0075EF2B /* main.cpp */,
				3F5856661AC3117E0075EF2B /* testAnimal.cpp */,
				3FE27DA91AD5455200F61893 /* testWorld.cpp */,
				3F393E1B1AC581E200DC443F /* testSensor.cpp */,
			);
			path = TestSnowLeopardSimulation;
			sourceTree = "<group>";
		};
/* End PBXGroup section */

/* Begin PBXNativeTarget section */
		3F5856231AC2BBAC0075EF2B /* SnowLeopardsSimulation */ = {
			isa = PBXNativeTarget;
			buildConfigurationList = 3F58562B1AC2BBAD0075EF2B /* Build configuration list for PBXNativeTarget "SnowLeopardsSimulation" */;
			buildPhases = (
				3F5856201AC2BBAC0075EF2B /* Sources */,
				3F5856211AC2BBAC0075EF2B /* Frameworks */,
				3F5856221AC2BBAC0075EF2B /* CopyFiles */,
			);
			buildRules = (
			);
			dependencies = (
			);
			name = SnowLeopardsSimulation;
			productName = SnowLeopardsSimulation;
			productReference = 3F5856241AC2BBAC0075EF2B /* SnowLeopardsSimulation */;
			productType = "com.apple.product-type.tool";
		};
		3F5856321AC2BC9E0075EF2B /* TestSnowLeopardSimulation */ = {
			isa = PBXNativeTarget;
			buildConfigurationList = 3F5856371AC2BC9E0075EF2B /* Build configuration list for PBXNativeTarget "TestSnowLeopardSimulation" */;
			buildPhases = (
				3F58562F1AC2BC9E0075EF2B /* Sources */,
				3F5856301AC2BC9E0075EF2B /* Frameworks */,
				3F5856311AC2BC9E0075EF2B /* CopyFiles */,
			);
			buildRules = (
			);
			dependencies = (
			);
			name = TestSnowLeopardSimulation;
			productName = TestSnowLeopardSimulation;
			productReference = 3F5856331AC2BC9E0075EF2B /* TestSnowLeopardSimulation */;
			productType = "com.apple.product-type.tool";
		};
/* End PBXNativeTarget section */

/* Begin PBXProject section */
		3F58561C1AC2BBAC0075EF2B /* Project object */ = {
			isa = PBXProject;
			attributes = {
				LastUpgradeCheck = 0620;
				ORGANIZATIONNAME = "Elizabeth Moorcroft";
				TargetAttributes = {
					3F5856231AC2BBAC0075EF2B = {
						CreatedOnToolsVersion = 6.2;
					};
					3F5856321AC2BC9E0075EF2B = {
						CreatedOnToolsVersion = 6.2;
					};
				};
			};
			buildConfigurationList = 3F58561F1AC2BBAC0075EF2B /* Build configuration list for PBXProject "SnowLeopardsSimulation" */;
			compatibilityVersion = "Xcode 3.2";
			developmentRegion = English;
			hasScannedForEncodings = 0;
			knownRegions = (
				en,
			);
			mainGroup = 3F58561B1AC2BBAC0075EF2B;
			productRefGroup = 3F5856251AC2BBAC0075EF2B /* Products */;
			projectDirPath = "";
			projectRoot = "";
			targets = (
				3F5856231AC2BBAC0075EF2B /* SnowLeopardsSimulation */,
				3F5856321AC2BC9E0075EF2B /* TestSnowLeopardSimulation */,
			);
		};
/* End PBXProject section */

/* Begin PBXSourcesBuildPhase section */
		3F5856201AC2BBAC0075EF2B /* Sources */ = {
			isa = PBXSourcesBuildPhase;
			buildActionMask = 2147483647;
			files = (
				3F5856281AC2BBAD0075EF2B /* main.cpp in Sources */,
				3F5856641AC304260075EF2B /* Animal.cpp in Sources */,
				3FE27DA71AD5453F00F61893 /* World.cpp in Sources */,
				3F393E191AC5708C00DC443F /* Sensor.cpp in Sources */,
			);
			runOnlyForDeploymentPostprocessing = 0;
		};
		3F58562F1AC2BC9E0075EF2B /* Sources */ = {
			isa = PBXSourcesBuildPhase;
			buildActionMask = 2147483647;
			files = (
				3F5856361AC2BC9E0075EF2B /* main.cpp in Sources */,
				3F393E1A1AC5708C00DC443F /* Sensor.cpp in Sources */,
				3FE27DA81AD5453F00F61893 /* World.cpp in Sources */,
				3F393E1C1AC581E200DC443F /* testSensor.cpp in Sources */,
				3F5856671AC3117E0075EF2B /* testAnimal.cpp in Sources */,
				3FE27DAA1AD5455200F61893 /* testWorld.cpp in Sources */,
				3F5856651AC304260075EF2B /* Animal.cpp in Sources */,
			);
			runOnlyForDeploymentPostprocessing = 0;
		};
/* End PBXSourcesBuildPhase section */

/* Begin XCBuildConfiguration section */
		3F5856291AC2BBAD0075EF2B /* Debug */ = {
			isa = XCBuildConfiguration;
			buildSettings = {
				ALWAYS_SEARCH_USER_PATHS = NO;
				CLANG_CXX_LANGUAGE_STANDARD = "gnu++0x";
				CLANG_CXX_LIBRARY = "libc++";
				CLANG_ENABLE_MODULES = YES;
				CLANG_ENABLE_OBJC_ARC = YES;
				CLANG_WARN_BOOL_CONVERSION = YES;
				CLANG_WARN_CONSTANT_CONVERSION = YES;
				CLANG_WARN_DIRECT_OBJC_ISA_USAGE = YES_ERROR;
				CLANG_WARN_EMPTY_BODY = YES;
				CLANG_WARN_ENUM_CONVERSION = YES;
				CLANG_WARN_INT_CONVERSION = YES;
				CLANG_WARN_OBJC_ROOT_CLASS = YES_ERROR;
				CLANG_WARN_UNREACHABLE_CODE = YES;
				CLANG_WARN__DUPLICATE_METHOD_MATCH = YES;
				COPY_PHASE_STRIP = NO;
				ENABLE_STRICT_OBJC_MSGSEND = YES;
				GCC_C_LANGUAGE_STANDARD = gnu99;
				GCC_DYNAMIC_NO_PIC = NO;
				GCC_OPTIMIZATION_LEVEL = 0;
				GCC_PREPROCESSOR_DEFINITIONS = (
					"DEBUG=1",
					"$(inherited)",
				);
				GCC_SYMBOLS_PRIVATE_EXTERN = NO;
				GCC_WARN_64_TO_32_BIT_CONVERSION = YES;
				GCC_WARN_ABOUT_RETURN_TYPE = YES_ERROR;
				GCC_WARN_UNDECLARED_SELECTOR = YES;
				GCC_WARN_UNINITIALIZED_AUTOS = YES_AGGRESSIVE;
				GCC_WARN_UNUSED_FUNCTION = YES;
				GCC_WARN_UNUSED_VARIABLE = YES;
				MACOSX_DEPLOYMENT_TARGET = 10.10;
				MTL_ENABLE_DEBUG_INFO = YES;
				ONLY_ACTIVE_ARCH = YES;
				SDKROOT = macosx;
			};
			name = Debug;
		};
		3F58562A1AC2BBAD0075EF2B /* Release */ = {
			isa = XCBuildConfiguration;
			buildSettings = {
				ALWAYS_SEARCH_USER_PATHS = NO;
				CLANG_CXX_LANGUAGE_STANDARD = "gnu++0x";
				CLANG_CXX_LIBRARY = "libc++";
				CLANG_ENABLE_MODULES = YES;
				CLANG_ENABLE_OBJC_ARC = YES;
				CLANG_WARN_BOOL_CONVERSION = YES;
				CLANG_WARN_CONSTANT_CONVERSION = YES;
				CLANG_WARN_DIRECT_OBJC_ISA_USAGE = YES_ERROR;
				CLANG_WARN_EMPTY_BODY = YES;
				CLANG_WARN_ENUM_CONVERSION = YES;
				CLANG_WARN_INT_CONVERSION = YES;
				CLANG_WARN_OBJC_ROOT_CLASS = YES_ERROR;
				CLANG_WARN_UNREACHABLE_CODE = YES;
				CLANG_WARN__DUPLICATE_METHOD_MATCH = YES;
				COPY_PHASE_STRIP = NO;
				DEBUG_INFORMATION_FORMAT = "dwarf-with-dsym";
				ENABLE_NS_ASSERTIONS = NO;
				ENABLE_STRICT_OBJC_MSGSEND = YES;
				GCC_C_LANGUAGE_STANDARD = gnu99;
				GCC_WARN_64_TO_32_BIT_CONVERSION = YES;
				GCC_WARN_ABOUT_RETURN_TYPE = YES_ERROR;
				GCC_WARN_UNDECLARED_SELECTOR = YES;
				GCC_WARN_UNINITIALIZED_AUTOS = YES_AGGRESSIVE;
				GCC_WARN_UNUSED_FUNCTION = YES;
				GCC_WARN_UNUSED_VARIABLE = YES;
				MACOSX_DEPLOYMENT_TARGET = 10.10;
				MTL_ENABLE_DEBUG_INFO = NO;
				SDKROOT = macosx;
			};
			name = Release;
		};
		3F58562C1AC2BBAD0075EF2B /* Debug */ = {
			isa = XCBuildConfiguration;
			buildSettings = {
				PRODUCT_NAME = "$(TARGET_NAME)";
			};
			name = Debug;
		};
		3F58562D1AC2BBAD0075EF2B /* Release */ = {
			isa = XCBuildConfiguration;
			buildSettings = {
				PRODUCT_NAME = "$(TARGET_NAME)";
			};
			name = Release;
		};
		3F5856381AC2BC9E0075EF2B /* Debug */ = {
			isa = XCBuildConfiguration;
			buildSettings = {
				GCC_PREPROCESSOR_DEFINITIONS = (
					"DEBUG=1",
					"$(inherited)",
				);
				PRODUCT_NAME = "$(TARGET_NAME)";
			};
			name = Debug;
		};
		3F5856391AC2BC9E0075EF2B /* Release */ = {
			isa = XCBuildConfiguration;
			buildSettings = {
				PRODUCT_NAME = "$(TARGET_NAME)";
			};
			name = Release;
		};
/* End XCBuildConfiguration section */

/* Begin XCConfigurationList section */
		3F58561F1AC2BBAC0075EF2B /* Build configuration list for PBXProject "SnowLeopardsSimulation" */ = {
			isa = XCConfigurationList;
			buildConfigurations = (
				3F5856291AC2BBAD0075EF2B /* Debug */,
				3F58562A1AC2BBAD0075EF2B /* Release */,
			);
			defaultConfigurationIsVisible = 0;
			defaultConfigurationName = Release;
		};
		3F58562B1AC2BBAD0075EF2B /* Build configuration list for PBXNativeTarget "SnowLeopardsSimulation" */ = {
			isa = XCConfigurationList;
			buildConfigurations = (
				3F58562C1AC2BBAD0075EF2B /* Debug */,
				3F58562D1AC2BBAD0075EF2B /* Release */,
			);
			defaultConfigurationIsVisible = 0;
			defaultConfigurationName = Release;
		};
		3F5856371AC2BC9E0075EF2B /* Build configuration list for PBXNativeTarget "TestSnowLeopardSimulation" */ = {
			isa = XCConfigurationList;
			buildConfigurations = (
				3F5856381AC2BC9E0075EF2B /* Debug */,
				3F5856391AC2BC9E0075EF2B /* Release */,
			);
			defaultConfigurationIsVisible = 0;
			defaultConfigurationName = Release;
		};
/* End XCConfigurationList section */
	};
	rootObject = 3F58561C1AC2BBAC0075EF2B /* Project object */;
}
